
Microsoft Visual Studio Solution File, Format Version 12.00
# Visual Studio Version 17
VisualStudioVersion = 17.5.33312.197
MinimumVisualStudioVersion = 10.0.40219.1
Project("{9A19103F-16F7-4668-BE54-9A1E7A4F7556}") = "PokerTable", "PokerTable\PokerTable.csproj", "{5BB98BC3-614E-4DA7-9FFE-82F7DD993BA0}"
EndProject
Project("{9A19103F-16F7-4668-BE54-9A1E7A4F7556}") = "PokerTable.Forms", "PokerTable.Forms\PokerTable.Forms.csproj", "{FB47FD55-6E8F-41AA-BEEE-39239E0D2C1F}"
EndProject
Project("{9A19103F-16F7-4668-BE54-9A1E7A4F7556}") = "PokerTable.CardPicker", "PokerTable.CardPicker\PokerTable.CardPicker.csproj", "{615926E6-83AF-4AE1-8968-F3F485C4CBB8}"
EndProject
Project("{2150E333-8FDC-42A3-9474-1A3956D46DE8}") = "Studio", "Studio", "{E9722876-C7BB-4DB5-B62D-28F732AA0D42}"
EndProject
Project("{2150E333-8FDC-42A3-9474-1A3956D46DE8}") = "Partial", "Partial", "{ADD2D423-8663-4977-818C-5B28BB88D448}"
EndProject
Global
	GlobalSection(SolutionConfigurationPlatforms) = preSolution
		Debug|Any CPU = Debug|Any CPU
		Release|Any CPU = Release|Any CPU
	EndGlobalSection
	GlobalSection(ProjectConfigurationPlatforms) = postSolution
		{5BB98BC3-614E-4DA7-9FFE-82F7DD993BA0}.Debug|Any CPU.ActiveCfg = Debug|Any CPU
		{5BB98BC3-614E-4DA7-9FFE-82F7DD993BA0}.Debug|Any CPU.Build.0 = Debug|Any CPU
		{5BB98BC3-614E-4DA7-9FFE-82F7DD993BA0}.Release|Any CPU.ActiveCfg = Release|Any CPU
		{5BB98BC3-614E-4DA7-9FFE-82F7DD993BA0}.Release|Any CPU.Build.0 = Release|Any CPU
		{FB47FD55-6E8F-41AA-BEEE-39239E0D2C1F}.Debug|Any CPU.ActiveCfg = Debug|Any CPU
		{FB47FD55-6E8F-41AA-BEEE-39239E0D2C1F}.Debug|Any CPU.Build.0 = Debug|Any CPU
		{FB47FD55-6E8F-41AA-BEEE-39239E0D2C1F}.Release|Any CPU.ActiveCfg = Release|Any CPU
		{FB47FD55-6E8F-41AA-BEEE-39239E0D2C1F}.Release|Any CPU.Build.0 = Release|Any CPU
		{615926E6-83AF-4AE1-8968-F3F485C4CBB8}.Debug|Any CPU.ActiveCfg = Debug|Any CPU
		{615926E6-83AF-4AE1-8968-F3F485C4CBB8}.Debug|Any CPU.Build.0 = Debug|Any CPU
		{615926E6-83AF-4AE1-8968-F3F485C4CBB8}.Release|Any CPU.ActiveCfg = Release|Any CPU
		{615926E6-83AF-4AE1-8968-F3F485C4CBB8}.Release|Any CPU.Build.0 = Release|Any CPU
	EndGlobalSection
	GlobalSection(SolutionProperties) = preSolution
		HideSolutionNode = FALSE
	EndGlobalSection
	GlobalSection(NestedProjects) = preSolution
		{5BB98BC3-614E-4DA7-9FFE-82F7DD993BA0} = {E9722876-C7BB-4DB5-B62D-28F732AA0D42}
		{FB47FD55-6E8F-41AA-BEEE-39239E0D2C1F} = {ADD2D423-8663-4977-818C-5B28BB88D448}
		{615926E6-83AF-4AE1-8968-F3F485C4CBB8} = {ADD2D423-8663-4977-818C-5B28BB88D448}
	EndGlobalSection
	GlobalSection(ExtensibilityGlobals) = postSolution
		SolutionGuid = {EBCD0FB5-4859-4EC6-89E5-D393B7752ABA}
	EndGlobalSection
EndGlobal
